// !$*UTF8*$!
{
	archiveVersion = 1;
	classes = {
	};
	objectVersion = 56;
	objects = {

/* Begin PBXBuildFile section */
		2E0255292B5C34CC00309508 /* ProductsFinderApp.swift in Sources */ = {isa = PBXBuildFile; fileRef = 2E0255282B5C34CC00309508 /* ProductsFinderApp.swift */; };
		2E02552B2B5C34CC00309508 /* ContentView.swift in Sources */ = {isa = PBXBuildFile; fileRef = 2E02552A2B5C34CC00309508 /* ContentView.swift */; };
		2E02552D2B5C34CE00309508 /* Assets.xcassets in Resources */ = {isa = PBXBuildFile; fileRef = 2E02552C2B5C34CE00309508 /* Assets.xcassets */; };
		2E0255312B5C34CE00309508 /* Preview Assets.xcassets in Resources */ = {isa = PBXBuildFile; fileRef = 2E0255302B5C34CE00309508 /* Preview Assets.xcassets */; };
		2E02553B2B5C34CF00309508 /* ProductsFinderTests.swift in Sources */ = {isa = PBXBuildFile; fileRef = 2E02553A2B5C34CF00309508 /* ProductsFinderTests.swift */; };
		2E0255452B5C34CF00309508 /* ProductsFinderUITests.swift in Sources */ = {isa = PBXBuildFile; fileRef = 2E0255442B5C34CF00309508 /* ProductsFinderUITests.swift */; };
		2E0255472B5C34CF00309508 /* ProductsFinderUITestsLaunchTests.swift in Sources */ = {isa = PBXBuildFile; fileRef = 2E0255462B5C34CF00309508 /* ProductsFinderUITestsLaunchTests.swift */; };
		2E0255542B5C350C00309508 /* ProductResponseModel.swift in Sources */ = {isa = PBXBuildFile; fileRef = 2E0255532B5C350C00309508 /* ProductResponseModel.swift */; };
		2E0255562B5C354300309508 /* NetworkManager.swift in Sources */ = {isa = PBXBuildFile; fileRef = 2E0255552B5C354300309508 /* NetworkManager.swift */; };
		2E0255582B5C358E00309508 /* APIConstant.swift in Sources */ = {isa = PBXBuildFile; fileRef = 2E0255572B5C358E00309508 /* APIConstant.swift */; };
		2E02555C2B5C35C400309508 /* ProductApiService.swift in Sources */ = {isa = PBXBuildFile; fileRef = 2E02555B2B5C35C400309508 /* ProductApiService.swift */; };
		2E02555E2B5C363300309508 /* ProductsViewModel.swift in Sources */ = {isa = PBXBuildFile; fileRef = 2E02555D2B5C363200309508 /* ProductsViewModel.swift */; };
		2E0255602B5C369500309508 /* ProductCellView.swift in Sources */ = {isa = PBXBuildFile; fileRef = 2E02555F2B5C369500309508 /* ProductCellView.swift */; };
		2E0255642B5C36DE00309508 /* ProductDetailsView.swift in Sources */ = {isa = PBXBuildFile; fileRef = 2E0255632B5C36DE00309508 /* ProductDetailsView.swift */; };
		2E0255692B5C519E00309508 /* ProductsViewModelTests.swift in Sources */ = {isa = PBXBuildFile; fileRef = 2E0255682B5C519E00309508 /* ProductsViewModelTests.swift */; };
		2E02556B2B5C55D400309508 /* MockProductsApiService.swift in Sources */ = {isa = PBXBuildFile; fileRef = 2E02556A2B5C55D400309508 /* MockProductsApiService.swift */; };
		2E02556C2B5C56CF00309508 /* ContentView.swift in Sources */ = {isa = PBXBuildFile; fileRef = 2E02552A2B5C34CC00309508 /* ContentView.swift */; };
		2E02556D2B5C56D200309508 /* ProductCellView.swift in Sources */ = {isa = PBXBuildFile; fileRef = 2E02555F2B5C369500309508 /* ProductCellView.swift */; };
		2E02556F2B5C56D700309508 /* ProductDetailsView.swift in Sources */ = {isa = PBXBuildFile; fileRef = 2E0255632B5C36DE00309508 /* ProductDetailsView.swift */; };
		2E0255702B5C56D900309508 /* NetworkManager.swift in Sources */ = {isa = PBXBuildFile; fileRef = 2E0255552B5C354300309508 /* NetworkManager.swift */; };
		2E0255712B5C56DC00309508 /* ProductResponseModel.swift in Sources */ = {isa = PBXBuildFile; fileRef = 2E0255532B5C350C00309508 /* ProductResponseModel.swift */; };
		2E0255722B5C56DE00309508 /* APIConstant.swift in Sources */ = {isa = PBXBuildFile; fileRef = 2E0255572B5C358E00309508 /* APIConstant.swift */; };
		2E0255742B5C56E400309508 /* ProductApiService.swift in Sources */ = {isa = PBXBuildFile; fileRef = 2E02555B2B5C35C400309508 /* ProductApiService.swift */; };
		2E0255752B5C56E600309508 /* ProductsViewModel.swift in Sources */ = {isa = PBXBuildFile; fileRef = 2E02555D2B5C363200309508 /* ProductsViewModel.swift */; };
		2E0255762B5C56E900309508 /* ProductsFinderApp.swift in Sources */ = {isa = PBXBuildFile; fileRef = 2E0255282B5C34CC00309508 /* ProductsFinderApp.swift */; };
/* End PBXBuildFile section */

/* Begin PBXContainerItemProxy section */
		2E0255372B5C34CF00309508 /* PBXContainerItemProxy */ = {
			isa = PBXContainerItemProxy;
			containerPortal = 2E02551D2B5C34CC00309508 /* Project object */;
			proxyType = 1;
			remoteGlobalIDString = 2E0255242B5C34CC00309508;
			remoteInfo = ProductsFinder;
		};
		2E0255412B5C34CF00309508 /* PBXContainerItemProxy */ = {
			isa = PBXContainerItemProxy;
			containerPortal = 2E02551D2B5C34CC00309508 /* Project object */;
			proxyType = 1;
			remoteGlobalIDString = 2E0255242B5C34CC00309508;
			remoteInfo = ProductsFinder;
		};
/* End PBXContainerItemProxy section */

/* Begin PBXFileReference section */
		2E0255252B5C34CC00309508 /* ProductsFinder.app */ = {isa = PBXFileReference; explicitFileType = wrapper.application; includeInIndex = 0; path = ProductsFinder.app; sourceTree = BUILT_PRODUCTS_DIR; };
		2E0255282B5C34CC00309508 /* ProductsFinderApp.swift */ = {isa = PBXFileReference; lastKnownFileType = sourcecode.swift; path = ProductsFinderApp.swift; sourceTree = "<group>"; };
		2E02552A2B5C34CC00309508 /* ContentView.swift */ = {isa = PBXFileReference; lastKnownFileType = sourcecode.swift; path = ContentView.swift; sourceTree = "<group>"; };
		2E02552C2B5C34CE00309508 /* Assets.xcassets */ = {isa = PBXFileReference; lastKnownFileType = folder.assetcatalog; path = Assets.xcassets; sourceTree = "<group>"; };
		2E02552E2B5C34CE00309508 /* ProductsFinder.entitlements */ = {isa = PBXFileReference; lastKnownFileType = text.plist.entitlements; path = ProductsFinder.entitlements; sourceTree = "<group>"; };
		2E0255302B5C34CE00309508 /* Preview Assets.xcassets */ = {isa = PBXFileReference; lastKnownFileType = folder.assetcatalog; path = "Preview Assets.xcassets"; sourceTree = "<group>"; };
		2E0255362B5C34CF00309508 /* ProductsFinderTests.xctest */ = {isa = PBXFileReference; explicitFileType = wrapper.cfbundle; includeInIndex = 0; path = ProductsFinderTests.xctest; sourceTree = BUILT_PRODUCTS_DIR; };
		2E02553A2B5C34CF00309508 /* ProductsFinderTests.swift */ = {isa = PBXFileReference; lastKnownFileType = sourcecode.swift; path = ProductsFinderTests.swift; sourceTree = "<group>"; };
		2E0255402B5C34CF00309508 /* ProductsFinderUITests.xctest */ = {isa = PBXFileReference; explicitFileType = wrapper.cfbundle; includeInIndex = 0; path = ProductsFinderUITests.xctest; sourceTree = BUILT_PRODUCTS_DIR; };
		2E0255442B5C34CF00309508 /* ProductsFinderUITests.swift */ = {isa = PBXFileReference; lastKnownFileType = sourcecode.swift; path = ProductsFinderUITests.swift; sourceTree = "<group>"; };
		2E0255462B5C34CF00309508 /* ProductsFinderUITestsLaunchTests.swift */ = {isa = PBXFileReference; lastKnownFileType = sourcecode.swift; path = ProductsFinderUITestsLaunchTests.swift; sourceTree = "<group>"; };
		2E0255532B5C350C00309508 /* ProductResponseModel.swift */ = {isa = PBXFileReference; lastKnownFileType = sourcecode.swift; path = ProductResponseModel.swift; sourceTree = "<group>"; };
		2E0255552B5C354300309508 /* NetworkManager.swift */ = {isa = PBXFileReference; lastKnownFileType = sourcecode.swift; path = NetworkManager.swift; sourceTree = "<group>"; };
		2E0255572B5C358E00309508 /* APIConstant.swift */ = {isa = PBXFileReference; lastKnownFileType = sourcecode.swift; path = APIConstant.swift; sourceTree = "<group>"; };
		2E02555B2B5C35C400309508 /* ProductApiService.swift */ = {isa = PBXFileReference; lastKnownFileType = sourcecode.swift; path = ProductApiService.swift; sourceTree = "<group>"; };
		2E02555D2B5C363200309508 /* ProductsViewModel.swift */ = {isa = PBXFileReference; lastKnownFileType = sourcecode.swift; path = ProductsViewModel.swift; sourceTree = "<group>"; };
		2E02555F2B5C369500309508 /* ProductCellView.swift */ = {isa = PBXFileReference; lastKnownFileType = sourcecode.swift; path = ProductCellView.swift; sourceTree = "<group>"; };
		2E0255632B5C36DE00309508 /* ProductDetailsView.swift */ = {isa = PBXFileReference; lastKnownFileType = sourcecode.swift; path = ProductDetailsView.swift; sourceTree = "<group>"; };
		2E0255672B5C3B5500309508 /* Info.plist */ = {isa = PBXFileReference; lastKnownFileType = text.plist; path = Info.plist; sourceTree = "<group>"; };
		2E0255682B5C519E00309508 /* ProductsViewModelTests.swift */ = {isa = PBXFileReference; lastKnownFileType = sourcecode.swift; path = ProductsViewModelTests.swift; sourceTree = "<group>"; };
		2E02556A2B5C55D400309508 /* MockProductsApiService.swift */ = {isa = PBXFileReference; lastKnownFileType = sourcecode.swift; path = MockProductsApiService.swift; sourceTree = "<group>"; };
/* End PBXFileReference section */

/* Begin PBXFrameworksBuildPhase section */
		2E0255222B5C34CC00309508 /* Frameworks */ = {
			isa = PBXFrameworksBuildPhase;
			buildActionMask = 2147483647;
			files = (
			);
			runOnlyForDeploymentPostprocessing = 0;
		};
		2E0255332B5C34CF00309508 /* Frameworks */ = {
			isa = PBXFrameworksBuildPhase;
			buildActionMask = 2147483647;
			files = (
			);
			runOnlyForDeploymentPostprocessing = 0;
		};
		2E02553D2B5C34CF00309508 /* Frameworks */ = {
			isa = PBXFrameworksBuildPhase;
			buildActionMask = 2147483647;
			files = (
			);
			runOnlyForDeploymentPostprocessing = 0;
		};
/* End PBXFrameworksBuildPhase section */

/* Begin PBXGroup section */
		2E02551C2B5C34CC00309508 = {
			isa = PBXGroup;
			children = (
				2E0255272B5C34CC00309508 /* ProductsFinder */,
				2E0255392B5C34CF00309508 /* ProductsFinderTests */,
				2E0255432B5C34CF00309508 /* ProductsFinderUITests */,
				2E0255262B5C34CC00309508 /* Products */,
			);
			sourceTree = "<group>";
		};
		2E0255262B5C34CC00309508 /* Products */ = {
			isa = PBXGroup;
			children = (
				2E0255252B5C34CC00309508 /* ProductsFinder.app */,
				2E0255362B5C34CF00309508 /* ProductsFinderTests.xctest */,
				2E0255402B5C34CF00309508 /* ProductsFinderUITests.xctest */,
			);
			name = Products;
			sourceTree = "<group>";
		};
		2E0255272B5C34CC00309508 /* ProductsFinder */ = {
			isa = PBXGroup;
			children = (
				2E0255672B5C3B5500309508 /* Info.plist */,
				2EFD697A2B5D650F00C1BF91 /* Model */,
				2EFD69782B5D64E600C1BF91 /* View */,
				2EFD697E2B5D656300C1BF91 /* ViewModel */,
				2EFD69792B5D650100C1BF91 /* Networking */,
				2EFD697B2B5D651800C1BF91 /* Constant */,
				2EFD697C2B5D652400C1BF91 /* Service */,
				2EFD697D2B5D653300C1BF91 /* Resources */,
				2E02552F2B5C34CE00309508 /* Preview Content */,
				2E02552E2B5C34CE00309508 /* ProductsFinder.entitlements */,
			);
			path = ProductsFinder;
			sourceTree = "<group>";
		};
		2E02552F2B5C34CE00309508 /* Preview Content */ = {
			isa = PBXGroup;
			children = (
				2E0255302B5C34CE00309508 /* Preview Assets.xcassets */,
			);
			path = "Preview Content";
			sourceTree = "<group>";
		};
		2E0255392B5C34CF00309508 /* ProductsFinderTests */ = {
			isa = PBXGroup;
			children = (
				2E02553A2B5C34CF00309508 /* ProductsFinderTests.swift */,
				2E0255682B5C519E00309508 /* ProductsViewModelTests.swift */,
				2E02556A2B5C55D400309508 /* MockProductsApiService.swift */,
			);
			path = ProductsFinderTests;
			sourceTree = "<group>";
		};
		2E0255432B5C34CF00309508 /* ProductsFinderUITests */ = {
			isa = PBXGroup;
			children = (
				2E0255442B5C34CF00309508 /* ProductsFinderUITests.swift */,
				2E0255462B5C34CF00309508 /* ProductsFinderUITestsLaunchTests.swift */,
			);
			path = ProductsFinderUITests;
			sourceTree = "<group>";
		};
		2EFD69782B5D64E600C1BF91 /* View */ = {
			isa = PBXGroup;
			children = (
				2E0255282B5C34CC00309508 /* ProductsFinderApp.swift */,
				2E02552A2B5C34CC00309508 /* ContentView.swift */,
				2E02555F2B5C369500309508 /* ProductCellView.swift */,
				2E0255632B5C36DE00309508 /* ProductDetailsView.swift */,
			);
			path = View;
			sourceTree = "<group>";
		};
		2EFD69792B5D650100C1BF91 /* Networking */ = {
			isa = PBXGroup;
			children = (
				2E0255552B5C354300309508 /* NetworkManager.swift */,
			);
			path = Networking;
			sourceTree = "<group>";
		};
		2EFD697A2B5D650F00C1BF91 /* Model */ = {
			isa = PBXGroup;
			children = (
				2E0255532B5C350C00309508 /* ProductResponseModel.swift */,
			);
			path = Model;
			sourceTree = "<group>";
		};
		2EFD697B2B5D651800C1BF91 /* Constant */ = {
			isa = PBXGroup;
			children = (
				2E0255572B5C358E00309508 /* APIConstant.swift */,
			);
			path = Constant;
			sourceTree = "<group>";
		};
		2EFD697C2B5D652400C1BF91 /* Service */ = {
			isa = PBXGroup;
			children = (
				2E02555B2B5C35C400309508 /* ProductApiService.swift */,
			);
			path = Service;
			sourceTree = "<group>";
		};
		2EFD697D2B5D653300C1BF91 /* Resources */ = {
			isa = PBXGroup;
			children = (
				2E02552C2B5C34CE00309508 /* Assets.xcassets */,
			);
			path = Resources;
			sourceTree = "<group>";
		};
		2EFD697E2B5D656300C1BF91 /* ViewModel */ = {
			isa = PBXGroup;
			children = (
				2E02555D2B5C363200309508 /* ProductsViewModel.swift */,
			);
			path = ViewModel;
			sourceTree = "<group>";
		};
/* End PBXGroup section */

/* Begin PBXNativeTarget section */
		2E0255242B5C34CC00309508 /* ProductsFinder */ = {
			isa = PBXNativeTarget;
			buildConfigurationList = 2E02554A2B5C34CF00309508 /* Build configuration list for PBXNativeTarget "ProductsFinder" */;
			buildPhases = (
				2E0255212B5C34CC00309508 /* Sources */,
				2E0255222B5C34CC00309508 /* Frameworks */,
				2E0255232B5C34CC00309508 /* Resources */,
			);
			buildRules = (
			);
			dependencies = (
			);
			name = ProductsFinder;
			productName = ProductsFinder;
			productReference = 2E0255252B5C34CC00309508 /* ProductsFinder.app */;
			productType = "com.apple.product-type.application";
		};
		2E0255352B5C34CF00309508 /* ProductsFinderTests */ = {
			isa = PBXNativeTarget;
			buildConfigurationList = 2E02554D2B5C34CF00309508 /* Build configuration list for PBXNativeTarget "ProductsFinderTests" */;
			buildPhases = (
				2E0255322B5C34CF00309508 /* Sources */,
				2E0255332B5C34CF00309508 /* Frameworks */,
				2E0255342B5C34CF00309508 /* Resources */,
			);
			buildRules = (
			);
			dependencies = (
				2E0255382B5C34CF00309508 /* PBXTargetDependency */,
			);
			name = ProductsFinderTests;
			productName = ProductsFinderTests;
			productReference = 2E0255362B5C34CF00309508 /* ProductsFinderTests.xctest */;
			productType = "com.apple.product-type.bundle.unit-test";
		};
		2E02553F2B5C34CF00309508 /* ProductsFinderUITests */ = {
			isa = PBXNativeTarget;
			buildConfigurationList = 2E0255502B5C34CF00309508 /* Build configuration list for PBXNativeTarget "ProductsFinderUITests" */;
			buildPhases = (
				2E02553C2B5C34CF00309508 /* Sources */,
				2E02553D2B5C34CF00309508 /* Frameworks */,
				2E02553E2B5C34CF00309508 /* Resources */,
			);
			buildRules = (
			);
			dependencies = (
				2E0255422B5C34CF00309508 /* PBXTargetDependency */,
			);
			name = ProductsFinderUITests;
			productName = ProductsFinderUITests;
			productReference = 2E0255402B5C34CF00309508 /* ProductsFinderUITests.xctest */;
			productType = "com.apple.product-type.bundle.ui-testing";
		};
/* End PBXNativeTarget section */

/* Begin PBXProject section */
		2E02551D2B5C34CC00309508 /* Project object */ = {
			isa = PBXProject;
			attributes = {
				BuildIndependentTargetsInParallel = 1;
				LastSwiftUpdateCheck = 1510;
				LastUpgradeCheck = 1510;
				TargetAttributes = {
					2E0255242B5C34CC00309508 = {
						CreatedOnToolsVersion = 15.1;
					};
					2E0255352B5C34CF00309508 = {
						CreatedOnToolsVersion = 15.1;
						TestTargetID = 2E0255242B5C34CC00309508;
					};
					2E02553F2B5C34CF00309508 = {
						CreatedOnToolsVersion = 15.1;
						TestTargetID = 2E0255242B5C34CC00309508;
					};
				};
			};
			buildConfigurationList = 2E0255202B5C34CC00309508 /* Build configuration list for PBXProject "ProductsFinder" */;
			compatibilityVersion = "Xcode 14.0";
			developmentRegion = en;
			hasScannedForEncodings = 0;
			knownRegions = (
				en,
				Base,
			);
			mainGroup = 2E02551C2B5C34CC00309508;
			productRefGroup = 2E0255262B5C34CC00309508 /* Products */;
			projectDirPath = "";
			projectRoot = "";
			targets = (
				2E0255242B5C34CC00309508 /* ProductsFinder */,
				2E0255352B5C34CF00309508 /* ProductsFinderTests */,
				2E02553F2B5C34CF00309508 /* ProductsFinderUITests */,
			);
		};
/* End PBXProject section */

/* Begin PBXResourcesBuildPhase section */
		2E0255232B5C34CC00309508 /* Resources */ = {
			isa = PBXResourcesBuildPhase;
			buildActionMask = 2147483647;
			files = (
				2E0255312B5C34CE00309508 /* Preview Assets.xcassets in Resources */,
				2E02552D2B5C34CE00309508 /* Assets.xcassets in Resources */,
			);
			runOnlyForDeploymentPostprocessing = 0;
		};
		2E0255342B5C34CF00309508 /* Resources */ = {
			isa = PBXResourcesBuildPhase;
			buildActionMask = 2147483647;
			files = (
			);
			runOnlyForDeploymentPostprocessing = 0;
		};
		2E02553E2B5C34CF00309508 /* Resources */ = {
			isa = PBXResourcesBuildPhase;
			buildActionMask = 2147483647;
			files = (
			);
			runOnlyForDeploymentPostprocessing = 0;
		};
/* End PBXResourcesBuildPhase section */

/* Begin PBXSourcesBuildPhase section */
		2E0255212B5C34CC00309508 /* Sources */ = {
			isa = PBXSourcesBuildPhase;
			buildActionMask = 2147483647;
			files = (
				2E0255562B5C354300309508 /* NetworkManager.swift in Sources */,
				2E0255602B5C369500309508 /* ProductCellView.swift in Sources */,
				2E02555C2B5C35C400309508 /* ProductApiService.swift in Sources */,
				2E02555E2B5C363300309508 /* ProductsViewModel.swift in Sources */,
				2E0255542B5C350C00309508 /* ProductResponseModel.swift in Sources */,
				2E0255642B5C36DE00309508 /* ProductDetailsView.swift in Sources */,
				2E02552B2B5C34CC00309508 /* ContentView.swift in Sources */,
				2E0255582B5C358E00309508 /* APIConstant.swift in Sources */,
				2E0255292B5C34CC00309508 /* ProductsFinderApp.swift in Sources */,
			);
			runOnlyForDeploymentPostprocessing = 0;
		};
		2E0255322B5C34CF00309508 /* Sources */ = {
			isa = PBXSourcesBuildPhase;
			buildActionMask = 2147483647;
			files = (
				2E02556B2B5C55D400309508 /* MockProductsApiService.swift in Sources */,
				2E0255762B5C56E900309508 /* ProductsFinderApp.swift in Sources */,
				2E0255752B5C56E600309508 /* ProductsViewModel.swift in Sources */,
				2E0255692B5C519E00309508 /* ProductsViewModelTests.swift in Sources */,
				2E02556C2B5C56CF00309508 /* ContentView.swift in Sources */,
				2E0255702B5C56D900309508 /* NetworkManager.swift in Sources */,
				2E0255742B5C56E400309508 /* ProductApiService.swift in Sources */,
				2E02556F2B5C56D700309508 /* ProductDetailsView.swift in Sources */,
				2E0255712B5C56DC00309508 /* ProductResponseModel.swift in Sources */,
				2E02553B2B5C34CF00309508 /* ProductsFinderTests.swift in Sources */,
				2E0255722B5C56DE00309508 /* APIConstant.swift in Sources */,
				2E02556D2B5C56D200309508 /* ProductCellView.swift in Sources */,
			);
			runOnlyForDeploymentPostprocessing = 0;
		};
		2E02553C2B5C34CF00309508 /* Sources */ = {
			isa = PBXSourcesBuildPhase;
			buildActionMask = 2147483647;
			files = (
				2E0255472B5C34CF00309508 /* ProductsFinderUITestsLaunchTests.swift in Sources */,
				2E0255452B5C34CF00309508 /* ProductsFinderUITests.swift in Sources */,
			);
			runOnlyForDeploymentPostprocessing = 0;
		};
/* End PBXSourcesBuildPhase section */

/* Begin PBXTargetDependency section */
		2E0255382B5C34CF00309508 /* PBXTargetDependency */ = {
			isa = PBXTargetDependency;
			target = 2E0255242B5C34CC00309508 /* ProductsFinder */;
			targetProxy = 2E0255372B5C34CF00309508 /* PBXContainerItemProxy */;
		};
		2E0255422B5C34CF00309508 /* PBXTargetDependency */ = {
			isa = PBXTargetDependency;
			target = 2E0255242B5C34CC00309508 /* ProductsFinder */;
			targetProxy = 2E0255412B5C34CF00309508 /* PBXContainerItemProxy */;
		};
/* End PBXTargetDependency section */

/* Begin XCBuildConfiguration section */
		2E0255482B5C34CF00309508 /* Debug */ = {
			isa = XCBuildConfiguration;
			buildSettings = {
				ALWAYS_SEARCH_USER_PATHS = NO;
				ASSETCATALOG_COMPILER_GENERATE_SWIFT_ASSET_SYMBOL_EXTENSIONS = YES;
				CLANG_ANALYZER_NONNULL = YES;
				CLANG_ANALYZER_NUMBER_OBJECT_CONVERSION = YES_AGGRESSIVE;
				CLANG_CXX_LANGUAGE_STANDARD = "gnu++20";
				CLANG_ENABLE_MODULES = YES;
				CLANG_ENABLE_OBJC_ARC = YES;
				CLANG_ENABLE_OBJC_WEAK = YES;
				CLANG_WARN_BLOCK_CAPTURE_AUTORELEASING = YES;
				CLANG_WARN_BOOL_CONVERSION = YES;
				CLANG_WARN_COMMA = YES;
				CLANG_WARN_CONSTANT_CONVERSION = YES;
				CLANG_WARN_DEPRECATED_OBJC_IMPLEMENTATIONS = YES;
				CLANG_WARN_DIRECT_OBJC_ISA_USAGE = YES_ERROR;
				CLANG_WARN_DOCUMENTATION_COMMENTS = YES;
				CLANG_WARN_EMPTY_BODY = YES;
				CLANG_WARN_ENUM_CONVERSION = YES;
				CLANG_WARN_INFINITE_RECURSION = YES;
				CLANG_WARN_INT_CONVERSION = YES;
				CLANG_WARN_NON_LITERAL_NULL_CONVERSION = YES;
				CLANG_WARN_OBJC_IMPLICIT_RETAIN_SELF = YES;
				CLANG_WARN_OBJC_LITERAL_CONVERSION = YES;
				CLANG_WARN_OBJC_ROOT_CLASS = YES_ERROR;
				CLANG_WARN_QUOTED_INCLUDE_IN_FRAMEWORK_HEADER = YES;
				CLANG_WARN_RANGE_LOOP_ANALYSIS = YES;
				CLANG_WARN_STRICT_PROTOTYPES = YES;
				CLANG_WARN_SUSPICIOUS_MOVE = YES;
				CLANG_WARN_UNGUARDED_AVAILABILITY = YES_AGGRESSIVE;
				CLANG_WARN_UNREACHABLE_CODE = YES;
				CLANG_WARN__DUPLICATE_METHOD_MATCH = YES;
				COPY_PHASE_STRIP = NO;
				DEBUG_INFORMATION_FORMAT = dwarf;
				ENABLE_STRICT_OBJC_MSGSEND = YES;
				ENABLE_TESTABILITY = YES;
				ENABLE_USER_SCRIPT_SANDBOXING = YES;
				GCC_C_LANGUAGE_STANDARD = gnu17;
				GCC_DYNAMIC_NO_PIC = NO;
				GCC_NO_COMMON_BLOCKS = YES;
				GCC_OPTIMIZATION_LEVEL = 0;
				GCC_PREPROCESSOR_DEFINITIONS = (
					"DEBUG=1",
					"$(inherited)",
				);
				GCC_WARN_64_TO_32_BIT_CONVERSION = YES;
				GCC_WARN_ABOUT_RETURN_TYPE = YES_ERROR;
				GCC_WARN_UNDECLARED_SELECTOR = YES;
				GCC_WARN_UNINITIALIZED_AUTOS = YES_AGGRESSIVE;
				GCC_WARN_UNUSED_FUNCTION = YES;
				GCC_WARN_UNUSED_VARIABLE = YES;
				IPHONEOS_DEPLOYMENT_TARGET = 15.0;
				LOCALIZATION_PREFERS_STRING_CATALOGS = YES;
				MTL_ENABLE_DEBUG_INFO = INCLUDE_SOURCE;
				MTL_FAST_MATH = YES;
				ONLY_ACTIVE_ARCH = YES;
				SWIFT_ACTIVE_COMPILATION_CONDITIONS = "DEBUG $(inherited)";
				SWIFT_OPTIMIZATION_LEVEL = "-Onone";
			};
			name = Debug;
		};
		2E0255492B5C34CF00309508 /* Release */ = {
			isa = XCBuildConfiguration;
			buildSettings = {
				ALWAYS_SEARCH_USER_PATHS = NO;
				ASSETCATALOG_COMPILER_GENERATE_SWIFT_ASSET_SYMBOL_EXTENSIONS = YES;
				CLANG_ANALYZER_NONNULL = YES;
				CLANG_ANALYZER_NUMBER_OBJECT_CONVERSION = YES_AGGRESSIVE;
				CLANG_CXX_LANGUAGE_STANDARD = "gnu++20";
				CLANG_ENABLE_MODULES = YES;
				CLANG_ENABLE_OBJC_ARC = YES;
				CLANG_ENABLE_OBJC_WEAK = YES;
				CLANG_WARN_BLOCK_CAPTURE_AUTORELEASING = YES;
				CLANG_WARN_BOOL_CONVERSION = YES;
				CLANG_WARN_COMMA = YES;
				CLANG_WARN_CONSTANT_CONVERSION = YES;
				CLANG_WARN_DEPRECATED_OBJC_IMPLEMENTATIONS = YES;
				CLANG_WARN_DIRECT_OBJC_ISA_USAGE = YES_ERROR;
				CLANG_WARN_DOCUMENTATION_COMMENTS = YES;
				CLANG_WARN_EMPTY_BODY = YES;
				CLANG_WARN_ENUM_CONVERSION = YES;
				CLANG_WARN_INFINITE_RECURSION = YES;
				CLANG_WARN_INT_CONVERSION = YES;
				CLANG_WARN_NON_LITERAL_NULL_CONVERSION = YES;
				CLANG_WARN_OBJC_IMPLICIT_RETAIN_SELF = YES;
				CLANG_WARN_OBJC_LITERAL_CONVERSION = YES;
				CLANG_WARN_OBJC_ROOT_CLASS = YES_ERROR;
				CLANG_WARN_QUOTED_INCLUDE_IN_FRAMEWORK_HEADER = YES;
				CLANG_WARN_RANGE_LOOP_ANALYSIS = YES;
				CLANG_WARN_STRICT_PROTOTYPES = YES;
				CLANG_WARN_SUSPICIOUS_MOVE = YES;
				CLANG_WARN_UNGUARDED_AVAILABILITY = YES_AGGRESSIVE;
				CLANG_WARN_UNREACHABLE_CODE = YES;
				CLANG_WARN__DUPLICATE_METHOD_MATCH = YES;
				COPY_PHASE_STRIP = NO;
				DEBUG_INFORMATION_FORMAT = "dwarf-with-dsym";
				ENABLE_NS_ASSERTIONS = NO;
				ENABLE_STRICT_OBJC_MSGSEND = YES;
				ENABLE_USER_SCRIPT_SANDBOXING = YES;
				GCC_C_LANGUAGE_STANDARD = gnu17;
				GCC_NO_COMMON_BLOCKS = YES;
				GCC_WARN_64_TO_32_BIT_CONVERSION = YES;
				GCC_WARN_ABOUT_RETURN_TYPE = YES_ERROR;
				GCC_WARN_UNDECLARED_SELECTOR = YES;
				GCC_WARN_UNINITIALIZED_AUTOS = YES_AGGRESSIVE;
				GCC_WARN_UNUSED_FUNCTION = YES;
				GCC_WARN_UNUSED_VARIABLE = YES;
				IPHONEOS_DEPLOYMENT_TARGET = 15.0;
				LOCALIZATION_PREFERS_STRING_CATALOGS = YES;
				MTL_ENABLE_DEBUG_INFO = NO;
				MTL_FAST_MATH = YES;
				SWIFT_COMPILATION_MODE = wholemodule;
			};
			name = Release;
		};
		2E02554B2B5C34CF00309508 /* Debug */ = {
			isa = XCBuildConfiguration;
			buildSettings = {
				ASSETCATALOG_COMPILER_APPICON_NAME = AppIcon;
				ASSETCATALOG_COMPILER_GLOBAL_ACCENT_COLOR_NAME = AccentColor;
				CODE_SIGN_ENTITLEMENTS = ProductsFinder/ProductsFinder.entitlements;
				CODE_SIGN_STYLE = Automatic;
				CURRENT_PROJECT_VERSION = 1;
				DEVELOPMENT_ASSET_PATHS = "\"ProductsFinder/Preview Content\"";
				ENABLE_PREVIEWS = YES;
				GENERATE_INFOPLIST_FILE = YES;
				INFOPLIST_FILE = ProductsFinder/Info.plist;
				"INFOPLIST_KEY_UIApplicationSceneManifest_Generation[sdk=iphoneos*]" = YES;
				"INFOPLIST_KEY_UIApplicationSceneManifest_Generation[sdk=iphonesimulator*]" = YES;
				"INFOPLIST_KEY_UIApplicationSupportsIndirectInputEvents[sdk=iphoneos*]" = YES;
				"INFOPLIST_KEY_UIApplicationSupportsIndirectInputEvents[sdk=iphonesimulator*]" = YES;
				"INFOPLIST_KEY_UILaunchScreen_Generation[sdk=iphoneos*]" = YES;
				"INFOPLIST_KEY_UILaunchScreen_Generation[sdk=iphonesimulator*]" = YES;
				"INFOPLIST_KEY_UIStatusBarStyle[sdk=iphoneos*]" = UIStatusBarStyleDefault;
				"INFOPLIST_KEY_UIStatusBarStyle[sdk=iphonesimulator*]" = UIStatusBarStyleDefault;
				INFOPLIST_KEY_UISupportedInterfaceOrientations_iPad = "UIInterfaceOrientationPortrait UIInterfaceOrientationPortraitUpsideDown UIInterfaceOrientationLandscapeLeft UIInterfaceOrientationLandscapeRight";
				INFOPLIST_KEY_UISupportedInterfaceOrientations_iPhone = "UIInterfaceOrientationPortrait UIInterfaceOrientationLandscapeLeft UIInterfaceOrientationLandscapeRight";
				IPHONEOS_DEPLOYMENT_TARGET = 15.0;
				LD_RUNPATH_SEARCH_PATHS = "@executable_path/Frameworks";
				"LD_RUNPATH_SEARCH_PATHS[sdk=macosx*]" = "@executable_path/../Frameworks";
				MACOSX_DEPLOYMENT_TARGET = 13.6;
				MARKETING_VERSION = 1.0;
				PRODUCT_BUNDLE_IDENTIFIER = com.ProductsFinder;
				PRODUCT_NAME = "$(TARGET_NAME)";
				SDKROOT = auto;
				SUPPORTED_PLATFORMS = "iphoneos iphonesimulator macosx";
				SWIFT_EMIT_LOC_STRINGS = YES;
				SWIFT_VERSION = 5.0;
				TARGETED_DEVICE_FAMILY = "1,2";
			};
			name = Debug;
		};
		2E02554C2B5C34CF00309508 /* Release */ = {
			isa = XCBuildConfiguration;
			buildSettings = {
				ASSETCATALOG_COMPILER_APPICON_NAME = AppIcon;
				ASSETCATALOG_COMPILER_GLOBAL_ACCENT_COLOR_NAME = AccentColor;
				CODE_SIGN_ENTITLEMENTS = ProductsFinder/ProductsFinder.entitlements;
				CODE_SIGN_STYLE = Automatic;
				CURRENT_PROJECT_VERSION = 1;
				DEVELOPMENT_ASSET_PATHS = "\"ProductsFinder/Preview Content\"";
				ENABLE_PREVIEWS = YES;
				GENERATE_INFOPLIST_FILE = YES;
				INFOPLIST_FILE = ProductsFinder/Info.plist;
				"INFOPLIST_KEY_UIApplicationSceneManifest_Generation[sdk=iphoneos*]" = YES;
				"INFOPLIST_KEY_UIApplicationSceneManifest_Generation[sdk=iphonesimulator*]" = YES;
				"INFOPLIST_KEY_UIApplicationSupportsIndirectInputEvents[sdk=iphoneos*]" = YES;
				"INFOPLIST_KEY_UIApplicationSupportsIndirectInputEvents[sdk=iphonesimulator*]" = YES;
				"INFOPLIST_KEY_UILaunchScreen_Generation[sdk=iphoneos*]" = YES;
				"INFOPLIST_KEY_UILaunchScreen_Generation[sdk=iphonesimulator*]" = YES;
				"INFOPLIST_KEY_UIStatusBarStyle[sdk=iphoneos*]" = UIStatusBarStyleDefault;
				"INFOPLIST_KEY_UIStatusBarStyle[sdk=iphonesimulator*]" = UIStatusBarStyleDefault;
				INFOPLIST_KEY_UISupportedInterfaceOrientations_iPad = "UIInterfaceOrientationPortrait UIInterfaceOrientationPortraitUpsideDown UIInterfaceOrientationLandscapeLeft UIInterfaceOrientationLandscapeRight";
				INFOPLIST_KEY_UISupportedInterfaceOrientations_iPhone = "UIInterfaceOrientationPortrait UIInterfaceOrientationLandscapeLeft UIInterfaceOrientationLandscapeRight";
				IPHONEOS_DEPLOYMENT_TARGET = 15.0;
				LD_RUNPATH_SEARCH_PATHS = "@executable_path/Frameworks";
				"LD_RUNPATH_SEARCH_PATHS[sdk=macosx*]" = "@executable_path/../Frameworks";
				MACOSX_DEPLOYMENT_TARGET = 13.6;
				MARKETING_VERSION = 1.0;
				PRODUCT_BUNDLE_IDENTIFIER = com.ProductsFinder;
				PRODUCT_NAME = "$(TARGET_NAME)";
				SDKROOT = auto;
				SUPPORTED_PLATFORMS = "iphoneos iphonesimulator macosx";
				SWIFT_EMIT_LOC_STRINGS = YES;
				SWIFT_VERSION = 5.0;
				TARGETED_DEVICE_FAMILY = "1,2";
			};
			name = Release;
		};
		2E02554E2B5C34CF00309508 /* Debug */ = {
			isa = XCBuildConfiguration;
			buildSettings = {
				ALWAYS_EMBED_SWIFT_STANDARD_LIBRARIES = YES;
				BUNDLE_LOADER = "$(TEST_HOST)";
				CODE_SIGN_STYLE = Automatic;
				CURRENT_PROJECT_VERSION = 1;
				GENERATE_INFOPLIST_FILE = YES;
				IPHONEOS_DEPLOYMENT_TARGET = 15.0;
				MACOSX_DEPLOYMENT_TARGET = 13.6;
				MARKETING_VERSION = 1.0;
				PRODUCT_BUNDLE_IDENTIFIER = com.ProductsFinderTests;
				PRODUCT_NAME = "$(TARGET_NAME)";
				SDKROOT = auto;
				SUPPORTED_PLATFORMS = "iphoneos iphonesimulator macosx";
				SWIFT_EMIT_LOC_STRINGS = NO;
				SWIFT_VERSION = 5.0;
				TARGETED_DEVICE_FAMILY = "1,2";
				TEST_HOST = "$(BUILT_PRODUCTS_DIR)/ProductsFinder.app/$(BUNDLE_EXECUTABLE_FOLDER_PATH)/ProductsFinder";
			};
			name = Debug;
		};
		2E02554F2B5C34CF00309508 /* Release */ = {
			isa = XCBuildConfiguration;
			buildSettings = {
				ALWAYS_EMBED_SWIFT_STANDARD_LIBRARIES = YES;
				BUNDLE_LOADER = "$(TEST_HOST)";
				CODE_SIGN_STYLE = Automatic;
				CURRENT_PROJECT_VERSION = 1;
				GENERATE_INFOPLIST_FILE = YES;
				IPHONEOS_DEPLOYMENT_TARGET = 15.0;
				MACOSX_DEPLOYMENT_TARGET = 13.6;
				MARKETING_VERSION = 1.0;
				PRODUCT_BUNDLE_IDENTIFIER = com.ProductsFinderTests;
				PRODUCT_NAME = "$(TARGET_NAME)";
				SDKROOT = auto;
				SUPPORTED_PLATFORMS = "iphoneos iphonesimulator macosx";
				SWIFT_EMIT_LOC_STRINGS = NO;
				SWIFT_VERSION = 5.0;
				TARGETED_DEVICE_FAMILY = "1,2";
				TEST_HOST = "$(BUILT_PRODUCTS_DIR)/ProductsFinder.app/$(BUNDLE_EXECUTABLE_FOLDER_PATH)/ProductsFinder";
			};
			name = Release;
		};
		2E0255512B5C34CF00309508 /* Debug */ = {
			isa = XCBuildConfiguration;
			buildSettings = {
				ALWAYS_EMBED_SWIFT_STANDARD_LIBRARIES = YES;
				CODE_SIGN_STYLE = Automatic;
				CURRENT_PROJECT_VERSION = 1;
				GENERATE_INFOPLIST_FILE = YES;
				IPHONEOS_DEPLOYMENT_TARGET = 17.2;
				MACOSX_DEPLOYMENT_TARGET = 13.6;
				MARKETING_VERSION = 1.0;
				PRODUCT_BUNDLE_IDENTIFIER = com.ProductsFinderUITests;
				PRODUCT_NAME = "$(TARGET_NAME)";
				SDKROOT = auto;
				SUPPORTED_PLATFORMS = "iphoneos iphonesimulator macosx";
				SWIFT_EMIT_LOC_STRINGS = NO;
				SWIFT_VERSION = 5.0;
				TARGETED_DEVICE_FAMILY = "1,2";
				TEST_TARGET_NAME = ProductsFinder;
			};
			name = Debug;
		};
		2E0255522B5C34CF00309508 /* Release */ = {
			isa = XCBuildConfiguration;
			buildSettings = {
				ALWAYS_EMBED_SWIFT_STANDARD_LIBRARIES = YES;
				CODE_SIGN_STYLE = Automatic;
				CURRENT_PROJECT_VERSION = 1;
				GENERATE_INFOPLIST_FILE = YES;
				IPHONEOS_DEPLOYMENT_TARGET = 17.2;
				MACOSX_DEPLOYMENT_TARGET = 13.6;
				MARKETING_VERSION = 1.0;
				PRODUCT_BUNDLE_IDENTIFIER = com.ProductsFinderUITests;
				PRODUCT_NAME = "$(TARGET_NAME)";
				SDKROOT = auto;
				SUPPORTED_PLATFORMS = "iphoneos iphonesimulator macosx";
				SWIFT_EMIT_LOC_STRINGS = NO;
				SWIFT_VERSION = 5.0;
				TARGETED_DEVICE_FAMILY = "1,2";
				TEST_TARGET_NAME = ProductsFinder;
			};
			name = Release;
		};
/* End XCBuildConfiguration section */

/* Begin XCConfigurationList section */
		2E0255202B5C34CC00309508 /* Build configuration list for PBXProject "ProductsFinder" */ = {
			isa = XCConfigurationList;
			buildConfigurations = (
				2E0255482B5C34CF00309508 /* Debug */,
				2E0255492B5C34CF00309508 /* Release */,
			);
			defaultConfigurationIsVisible = 0;
			defaultConfigurationName = Release;
		};
		2E02554A2B5C34CF00309508 /* Build configuration list for PBXNativeTarget "ProductsFinder" */ = {
			isa = XCConfigurationList;
			buildConfigurations = (
				2E02554B2B5C34CF00309508 /* Debug */,
				2E02554C2B5C34CF00309508 /* Release */,
			);
			defaultConfigurationIsVisible = 0;
			defaultConfigurationName = Release;
		};
		2E02554D2B5C34CF00309508 /* Build configuration list for PBXNativeTarget "ProductsFinderTests" */ = {
			isa = XCConfigurationList;
			buildConfigurations = (
				2E02554E2B5C34CF00309508 /* Debug */,
				2E02554F2B5C34CF00309508 /* Release */,
			);
			defaultConfigurationIsVisible = 0;
			defaultConfigurationName = Release;
		};
		2E0255502B5C34CF00309508 /* Build configuration list for PBXNativeTarget "ProductsFinderUITests" */ = {
			isa = XCConfigurationList;
			buildConfigurations = (
				2E0255512B5C34CF00309508 /* Debug */,
				2E0255522B5C34CF00309508 /* Release */,
			);
			defaultConfigurationIsVisible = 0;
			defaultConfigurationName = Release;
		};
/* End XCConfigurationList section */
	};
	rootObject = 2E02551D2B5C34CC00309508 /* Project object */;
}
